{
  "name": "slashforge-course",
  "lockfileVersion": 3,
  "requires": true,
  "packages": {
    "": {
      "name": "slashforge-course",
      "devDependencies": {
        "slashforge": "4.4.3"
      }
    },
    "node_modules/slashforge": {
      "version": "4.4.3",
      "resolved": "https://registry.npmjs.org/slashforge/-/slashforge-4.4.3.tgz",
      "integrity": "sha512-eHXfkHPkZ5840YyeyX+JXqJSNpnnSP/ufrxig7hhyuapBRQeAfleqhD0Oq90eQpUjhXS7zzPitf72liyVI++TQ==",
      "dev": true,
      "license": "MIT",
      "bin": {
        "slashforge": "bin/install.js"
      },
      "engines": {
        "node": ">=16"
      }
    }
  }
}
